PODS:
  - Flutter (1.0.0)
  - flutter_vision (0.0.1):
    - Flutter
    - GoogleMLKit/BarcodeScanning
    - GoogleMLKit/FaceDetection
    - GoogleMLKit/TextRecognition
  - GoogleDataTransport (7.3.0):
    - nanopb (~> 1.30906.0)
  - GoogleMLKit/BarcodeScanning (0.64.0):
    - GoogleMLKit/MLKitCore
    - MLKitBarcodeScanning (~> 0.64.0)
  - GoogleMLKit/FaceDetection (0.64.0):
    - GoogleMLKit/MLKitCore
    - MLKitFaceDetection (~> 0.64.0)
  - GoogleMLKit/MLKitCore (0.64.0):
    - MLKitCommon (~> 0.64.0)
  - GoogleMLKit/TextRecognition (0.64.0):
    - GoogleMLKit/MLKitCore
    - MLKitTextRecognition (~> 0.64.0)
  - GoogleToolboxForMac/DebugUtils (2.2.2):
    - GoogleToolboxForMac/Defines (= 2.2.2)
  - GoogleToolboxForMac/Defines (2.2.2)
  - GoogleToolboxForMac/Logger (2.2.2):
    - GoogleToolboxForMac/Defines (= 2.2.2)
  - "GoogleToolboxForMac/NSData+zlib (2.2.2)":
    - GoogleToolboxForMac/Defines (= 2.2.2)
  - "GoogleToolboxForMac/NSDictionary+URLArguments (2.2.2)":
    - GoogleToolboxForMac/DebugUtils (= 2.2.2)
    - GoogleToolboxForMac/Defines (= 2.2.2)
    - "GoogleToolboxForMac/NSString+URLArguments (= 2.2.2)"
  - "GoogleToolboxForMac/NSString+URLArguments (2.2.2)"
  - GoogleUtilities/Environment (6.7.2):
    - PromisesObjC (~> 1.2)
  - GoogleUtilities/Logger (6.7.2):
    - GoogleUtilities/Environment
  - GoogleUtilities/UserDefaults (6.7.2):
    - GoogleUtilities/Logger
  - GoogleUtilitiesComponents (1.0.0):
    - GoogleUtilities/Logger
  - GTMSessionFetcher/Core (1.4.0)
  - MLKitBarcodeScanning (0.64.0):
    - MLKitCommon (~> 0.64)
    - MLKitVision (~> 0.64)
  - MLKitCommon (0.64.0):
    - GoogleDataTransport (~> 7.0)
    - GoogleToolboxForMac/Logger (~> 2.1)
    - "GoogleToolboxForMac/NSData+zlib (~> 2.1)"
    - "GoogleToolboxForMac/NSDictionary+URLArguments (~> 2.1)"
    - GoogleUtilities/UserDefaults (~> 6.0)
    - GoogleUtilitiesComponents (~> 1.0)
    - GTMSessionFetcher/Core (~> 1.1)
    - Protobuf (~> 3.12)
  - MLKitFaceDetection (0.64.0):
    - MLKitCommon (~> 0.64)
    - MLKitVision (~> 0.64)
  - MLKitTextRecognition (0.64.0):
    - MLKitCommon (~> 0.64)
    - MLKitVision (~> 0.64)
  - MLKitVision (0.64.0):
    - GoogleToolboxForMac/Logger (~> 2.1)
    - "GoogleToolboxForMac/NSData+zlib (~> 2.1)"
    - GTMSessionFetcher/Core (~> 1.1)
    - MLKitCommon (~> 0.64)
    - Protobuf (~> 3.12)
  - nanopb (1.30906.0):
    - nanopb/decode (= 1.30906.0)
    - nanopb/encode (= 1.30906.0)
  - nanopb/decode (1.30906.0)
  - nanopb/encode (1.30906.0)
  - PromisesObjC (1.2.10)
  - Protobuf (3.13.0)

DEPENDENCIES:
  - Flutter (from `Flutter`)
  - flutter_vision (from `.symlinks/plugins/flutter_vision/ios`)

SPEC REPOS:
  trunk:
    - GoogleDataTransport
    - GoogleMLKit
    - GoogleToolboxForMac
    - GoogleUtilities
    - GoogleUtilitiesComponents
    - GTMSessionFetcher
    - MLKitBarcodeScanning
    - MLKitCommon
    - MLKitFaceDetection
    - MLKitTextRecognition
    - MLKitVision
    - nanopb
    - PromisesObjC
    - Protobuf

EXTERNAL SOURCES:
  Flutter:
    :path: Flutter
  flutter_vision:
    :path: ".symlinks/plugins/flutter_vision/ios"

SPEC CHECKSUMS:
  Flutter: 0e3d915762c693b495b44d77113d4970485de6ec
  flutter_vision: 77705457708d263be6aaadb2d8fe4612189ea4b2
  GoogleDataTransport: e85fb700c9b027079ce182c3d08e12e0f9618bb4
  GoogleMLKit: 3c1f895592d95625eb57b8e66d4f13a5d36f9b49
  GoogleToolboxForMac: 800648f8b3127618c1b59c7f97684427630c5ea3
  GoogleUtilities: 7f2f5a07f888cdb145101d6042bc4422f57e70b3
  GoogleUtilitiesComponents: a69c0b3b369ba443e988141e75ef49d9010b1c80
  GTMSessionFetcher: 6f5c8abbab8a9bce4bb3f057e317728ec6182b10
  MLKitBarcodeScanning: 7b380e25719fb194292063e217c1ddbb0edbb506
  MLKitCommon: dc2909c96dbf7f5a75b86a3d2fa1b92ff3f6a30b
  MLKitFaceDetection: 502256dbfd3bad005f974dd022bc74a817fcd618
  MLKitTextRecognition: 3ca1c65117899a7538d1f3c012c916ac1483698d
  MLKitVision: bd96ec12ea19d589435523c914766538da259161
  nanopb: 59317e09cf1f1a0af72f12af412d54edf52603fc
  PromisesObjC: b14b1c6b68e306650688599de8a45e49fae81151
  Protobuf: 3dac39b34a08151c6d949560efe3f86134a3f748

PODFILE CHECKSUM: fe0e1ee7f3d1f7d00b11b474b62dd62134535aea

COCOAPODS: 1.10.0
